{
    "_readme": [
        "This file locks the dependencies of your project to a known state",
        "Read more about it at https://getcomposer.org/doc/01-basic-usage.md#composer-lock-the-lock-file",
        "This file is @generated automatically"
    ],
    "content-hash": "44db1a5a639f48b228d71f9d98927c26",
    "packages": [
        {
            "name": "flyandi/helpers",
            "version": "dev-master",
            "source": {
                "type": "git",
                "url": "https://github.com/flyandi/php-helpers.git",
                "reference": "1e3653056696156366f5dbe439b0b389e62bb191"
            },
            "dist": {
                "type": "zip",
                "url": "https://api.github.com/repos/flyandi/php-helpers/zipball/1e3653056696156366f5dbe439b0b389e62bb191",
                "reference": "1e3653056696156366f5dbe439b0b389e62bb191",
                "shasum": ""
            },
            "type": "library",
            "autoload": {
                "files": [
                    "src/helpers.php"
                ]
            },
            "notification-url": "https://packagist.org/downloads/",
            "license": [
                "MIT"
            ],
            "authors": [
                {
                    "name": "Andreas Schwarz",
                    "email": "flyandi@yahoo.com"
                }
            ],
            "description": "A collection of useful global php helpers.",
            "homepage": "https://github.com/flyandi/php-helpers",
            "time": "2017-01-28 04:51:38"
        }
    ],
    "packages-dev": [],
    "aliases": [],
    "minimum-stability": "dev",
    "stability-flags": {
        "flyandi/helpers": 20
    },
    "prefer-stable": false,
    "prefer-lowest": false,
    "platform": [],
    "platform-dev": []
}
