{
    "_readme": [
        "This file locks the dependencies of your project to a known state",
        "Read more about it at https://getcomposer.org/doc/01-basic-usage.md#installing-dependencies",
        "This file is @generated automatically"
    ],
    "content-hash": "1328c6377ba3f2db2e74f57fc42a7ce4",
    "packages": [
        {
            "name": "flyandi/helpers",
            "version": "dev-master",
            "source": {
                "type": "git",
                "url": "https://github.com/flyandi/php-helpers.git",
                "reference": "47aac40cd3f8209fd06c0f458d3bc4c088e2848e"
            },
            "dist": {
                "type": "zip",
                "url": "https://api.github.com/repos/flyandi/php-helpers/zipball/47aac40cd3f8209fd06c0f458d3bc4c088e2848e",
                "reference": "47aac40cd3f8209fd06c0f458d3bc4c088e2848e",
                "shasum": ""
            },
            "type": "library",
            "autoload": {
                "files": [
                    "src/helpers.php"
                ]
            },
            "notification-url": "https://packagist.org/downloads/",
            "license": [
                "MIT"
            ],
            "authors": [
                {
                    "name": "Andreas Schwarz",
                    "email": "flyandi@yahoo.com"
                }
            ],
            "description": "A collection of useful global php helpers.",
            "homepage": "https://github.com/flyandi/php-helpers",
            "time": "2017-05-15T20:34:37+00:00"
        }
    ],
    "packages-dev": [],
    "aliases": [],
    "minimum-stability": "dev",
    "stability-flags": {
        "flyandi/helpers": 20
    },
    "prefer-stable": false,
    "prefer-lowest": false,
    "platform": [],
    "platform-dev": []
}
